
Microsoft Visual Studio Solution File, Format Version 12.00
# Visual Studio Version 17
VisualStudioVersion = 17.11.35303.130
MinimumVisualStudioVersion = 10.0.40219.1
Project("{9A19103F-16F7-4668-BE54-9A1E7A4F7556}") = "CRUDPROJECT", "CRUDEXAMPLE\CRUDPROJECT.csproj", "{45A5E40F-8C0B-4C5A-9F5B-62839E308A1C}"
EndProject
Project("{9A19103F-16F7-4668-BE54-9A1E7A4F7556}") = "CRUDTest", "CRUDTest\CRUDTest.csproj", "{DF2B02EE-3ACA-421C-A520-ACB202F9B0F2}"
EndProject
Project("{9A19103F-16F7-4668-BE54-9A1E7A4F7556}") = "Entites", "Entites\Entites.csproj", "{27452C07-5288-4FAC-A334-2089219E67BB}"
EndProject
Project("{9A19103F-16F7-4668-BE54-9A1E7A4F7556}") = "ServiceContracts", "ServiceContracts\ServiceContracts.csproj", "{2210F09F-11F7-4C65-8F1D-FDB5CD2EA798}"
EndProject
Project("{9A19103F-16F7-4668-BE54-9A1E7A4F7556}") = "Service", "Service\Service.csproj", "{83157C13-3A78-4CEA-A4EB-AA24E8548945}"
EndProject
Global
	GlobalSection(SolutionConfigurationPlatforms) = preSolution
		Debug|Any CPU = Debug|Any CPU
		Release|Any CPU = Release|Any CPU
	EndGlobalSection
	GlobalSection(ProjectConfigurationPlatforms) = postSolution
		{45A5E40F-8C0B-4C5A-9F5B-62839E308A1C}.Debug|Any CPU.ActiveCfg = Debug|Any CPU
		{45A5E40F-8C0B-4C5A-9F5B-62839E308A1C}.Debug|Any CPU.Build.0 = Debug|Any CPU
		{45A5E40F-8C0B-4C5A-9F5B-62839E308A1C}.Release|Any CPU.ActiveCfg = Release|Any CPU
		{45A5E40F-8C0B-4C5A-9F5B-62839E308A1C}.Release|Any CPU.Build.0 = Release|Any CPU
		{DF2B02EE-3ACA-421C-A520-ACB202F9B0F2}.Debug|Any CPU.ActiveCfg = Debug|Any CPU
		{DF2B02EE-3ACA-421C-A520-ACB202F9B0F2}.Debug|Any CPU.Build.0 = Debug|Any CPU
		{DF2B02EE-3ACA-421C-A520-ACB202F9B0F2}.Release|Any CPU.ActiveCfg = Release|Any CPU
		{DF2B02EE-3ACA-421C-A520-ACB202F9B0F2}.Release|Any CPU.Build.0 = Release|Any CPU
		{27452C07-5288-4FAC-A334-2089219E67BB}.Debug|Any CPU.ActiveCfg = Debug|Any CPU
		{27452C07-5288-4FAC-A334-2089219E67BB}.Debug|Any CPU.Build.0 = Debug|Any CPU
		{27452C07-5288-4FAC-A334-2089219E67BB}.Release|Any CPU.ActiveCfg = Release|Any CPU
		{27452C07-5288-4FAC-A334-2089219E67BB}.Release|Any CPU.Build.0 = Release|Any CPU
		{2210F09F-11F7-4C65-8F1D-FDB5CD2EA798}.Debug|Any CPU.ActiveCfg = Debug|Any CPU
		{2210F09F-11F7-4C65-8F1D-FDB5CD2EA798}.Debug|Any CPU.Build.0 = Debug|Any CPU
		{2210F09F-11F7-4C65-8F1D-FDB5CD2EA798}.Release|Any CPU.ActiveCfg = Release|Any CPU
		{2210F09F-11F7-4C65-8F1D-FDB5CD2EA798}.Release|Any CPU.Build.0 = Release|Any CPU
		{83157C13-3A78-4CEA-A4EB-AA24E8548945}.Debug|Any CPU.ActiveCfg = Debug|Any CPU
		{83157C13-3A78-4CEA-A4EB-AA24E8548945}.Debug|Any CPU.Build.0 = Debug|Any CPU
		{83157C13-3A78-4CEA-A4EB-AA24E8548945}.Release|Any CPU.ActiveCfg = Release|Any CPU
		{83157C13-3A78-4CEA-A4EB-AA24E8548945}.Release|Any CPU.Build.0 = Release|Any CPU
	EndGlobalSection
	GlobalSection(SolutionProperties) = preSolution
		HideSolutionNode = FALSE
	EndGlobalSection
	GlobalSection(ExtensibilityGlobals) = postSolution
		SolutionGuid = {42C3721A-44BA-412A-93EB-27F1CCDE4EA6}
	EndGlobalSection
EndGlobal
